// !$*UTF8*$!
{
	archiveVersion = 1;
	classes = {
	};
	objectVersion = 46;
	objects = {

/* Begin PBXBuildFile section */
		49A1448A19F08D90003F848D /* AppDelegate.swift in Sources */ = {isa = PBXBuildFile; fileRef = 49A1448919F08D90003F848D /* AppDelegate.swift */; };
		49A1448C19F08D90003F848D /* ViewController.swift in Sources */ = {isa = PBXBuildFile; fileRef = 49A1448B19F08D90003F848D /* ViewController.swift */; };
		49A1448F19F08D90003F848D /* Main.storyboard in Resources */ = {isa = PBXBuildFile; fileRef = 49A1448D19F08D90003F848D /* Main.storyboard */; };
		49A1449119F08D90003F848D /* Images.xcassets in Resources */ = {isa = PBXBuildFile; fileRef = 49A1449019F08D90003F848D /* Images.xcassets */; };
		49A1449419F08D90003F848D /* LaunchScreen.xib in Resources */ = {isa = PBXBuildFile; fileRef = 49A1449219F08D90003F848D /* LaunchScreen.xib */; };
		49A144A019F08D90003F848D /* TestSwift2Tests.swift in Sources */ = {isa = PBXBuildFile; fileRef = 49A1449F19F08D90003F848D /* TestSwift2Tests.swift */; };
/* End PBXBuildFile section */

/* Begin PBXContainerItemProxy section */
		49A1449A19F08D90003F848D /* PBXContainerItemProxy */ = {
			isa = PBXContainerItemProxy;
			containerPortal = 49A1447C19F08D90003F848D /* Project object */;
			proxyType = 1;
			remoteGlobalIDString = 49A1448319F08D90003F848D;
			remoteInfo = TestSwift2;
		};
/* End PBXContainerItemProxy section */

/* Begin PBXFileReference section */
		49A1448419F08D90003F848D /* TestSwift2.app */ = {isa = PBXFileReference; explicitFileType = wrapper.application; includeInIndex = 0; path = TestSwift2.app; sourceTree = BUILT_PRODUCTS_DIR; };
		49A1448819F08D90003F848D /* Info.plist */ = {isa = PBXFileReference; lastKnownFileType = text.plist.xml; path = Info.plist; sourceTree = "<group>"; };
		49A1448919F08D90003F848D /* AppDelegate.swift */ = {isa = PBXFileReference; lastKnownFileType = sourcecode.swift; path = AppDelegate.swift; sourceTree = "<group>"; };
		49A1448B19F08D90003F848D /* ViewController.swift */ = {isa = PBXFileReference; lastKnownFileType = sourcecode.swift; path = ViewController.swift; sourceTree = "<group>"; };
		49A1448E19F08D90003F848D /* Base */ = {isa = PBXFileReference; lastKnownFileType = file.storyboard; name = Base; path = Base.lproj/Main.storyboard; sourceTree = "<group>"; };
		49A1449019F08D90003F848D /* Images.xcassets */ = {isa = PBXFileReference; lastKnownFileType = folder.assetcatalog; path = Images.xcassets; sourceTree = "<group>"; };
		49A1449319F08D90003F848D /* Base */ = {isa = PBXFileReference; lastKnownFileType = file.xib; name = Base; path = Base.lproj/LaunchScreen.xib; sourceTree = "<group>"; };
		49A1449919F08D90003F848D /* TestSwift2Tests.xctest */ = {isa = PBXFileReference; explicitFileType = wrapper.cfbundle; includeInIndex = 0; path = TestSwift2Tests.xctest; sourceTree = BUILT_PRODUCTS_DIR; };
		49A1449E19F08D90003F848D /* Info.plist */ = {isa = PBXFileReference; lastKnownFileType = text.plist.xml; path = Info.plist; sourceTree = "<group>"; };
		49A1449F19F08D90003F848D /* TestSwift2Tests.swift */ = {isa = PBXFileReference; lastKnownFileType = sourcecode.swift; path = TestSwift2Tests.swift; sourceTree = "<group>"; };
/* End PBXFileReference section */

/* Begin PBXFrameworksBuildPhase section */
		49A1448119F08D90003F848D /* Frameworks */ = {
			isa = PBXFrameworksBuildPhase;
			buildActionMask = 2147483647;
			files = (
			);
			runOnlyForDeploymentPostprocessing = 0;
		};
		49A1449619F08D90003F848D /* Frameworks */ = {
			isa = PBXFrameworksBuildPhase;
			buildActionMask = 2147483647;
			files = (
			);
			runOnlyForDeploymentPostprocessing = 0;
		};
/* End PBXFrameworksBuildPhase section */

/* Begin PBXGroup section */
		49A1447B19F08D90003F848D = {
			isa = PBXGroup;
			children = (
				49A1448619F08D90003F848D /* TestSwift2 */,
				49A1449C19F08D90003F848D /* TestSwift2Tests */,
				49A1448519F08D90003F848D /* Products */,
			);
			sourceTree = "<group>";
		};
		49A1448519F08D90003F848D /* Products */ = {
			isa = PBXGroup;
			children = (
				49A1448419F08D90003F848D /* TestSwift2.app */,
				49A1449919F08D90003F848D /* TestSwift2Tests.xctest */,
			);
			name = Products;
			sourceTree = "<group>";
		};
		49A1448619F08D90003F848D /* TestSwift2 */ = {
			isa = PBXGroup;
			children = (
				49A1448919F08D90003F848D /* AppDelegate.swift */,
				49A1448B19F08D90003F848D /* ViewController.swift */,
				49A1448D19F08D90003F848D /* Main.storyboard */,
				49A1449019F08D90003F848D /* Images.xcassets */,
				49A1449219F08D90003F848D /* LaunchScreen.xib */,
				49A1448719F08D90003F848D /* Supporting Files */,
			);
			path = TestSwift2;
			sourceTree = "<group>";
		};
		49A1448719F08D90003F848D /* Supporting Files */ = {
			isa = PBXGroup;
			children = (
				49A1448819F08D90003F848D /* Info.plist */,
			);
			name = "Supporting Files";
			sourceTree = "<group>";
		};
		49A1449C19F08D90003F848D /* TestSwift2Tests */ = {
			isa = PBXGroup;
			children = (
				49A1449F19F08D90003F848D /* TestSwift2Tests.swift */,
				49A1449D19F08D90003F848D /* Supporting Files */,
			);
			path = TestSwift2Tests;
			sourceTree = "<group>";
		};
		49A1449D19F08D90003F848D /* Supporting Files */ = {
			isa = PBXGroup;
			children = (
				49A1449E19F08D90003F848D /* Info.plist */,
			);
			name = "Supporting Files";
			sourceTree = "<group>";
		};
/* End PBXGroup section */

/* Begin PBXNativeTarget section */
		49A1448319F08D90003F848D /* TestSwift2 */ = {
			isa = PBXNativeTarget;
			buildConfigurationList = 49A144A319F08D90003F848D /* Build configuration list for PBXNativeTarget "TestSwift2" */;
			buildPhases = (
				49A1448019F08D90003F848D /* Sources */,
				49A1448119F08D90003F848D /* Frameworks */,
				49A1448219F08D90003F848D /* Resources */,
			);
			buildRules = (
			);
			dependencies = (
			);
			name = TestSwift2;
			productName = TestSwift2;
			productReference = 49A1448419F08D90003F848D /* TestSwift2.app */;
			productType = "com.apple.product-type.application";
		};
		49A1449819F08D90003F848D /* TestSwift2Tests */ = {
			isa = PBXNativeTarget;
			buildConfigurationList = 49A144A619F08D90003F848D /* Build configuration list for PBXNativeTarget "TestSwift2Tests" */;
			buildPhases = (
				49A1449519F08D90003F848D /* Sources */,
				49A1449619F08D90003F848D /* Frameworks */,
				49A1449719F08D90003F848D /* Resources */,
			);
			buildRules = (
			);
			dependencies = (
				49A1449B19F08D90003F848D /* PBXTargetDependency */,
			);
			name = TestSwift2Tests;
			productName = TestSwift2Tests;
			productReference = 49A1449919F08D90003F848D /* TestSwift2Tests.xctest */;
			productType = "com.apple.product-type.bundle.unit-test";
		};
/* End PBXNativeTarget section */

/* Begin PBXProject section */
		49A1447C19F08D90003F848D /* Project object */ = {
			isa = PBXProject;
			attributes = {
				LastUpgradeCheck = 0600;
				ORGANIZATIONNAME = "Benjamin Toofer";
				TargetAttributes = {
					49A1448319F08D90003F848D = {
						CreatedOnToolsVersion = 6.0.1;
					};
					49A1449819F08D90003F848D = {
						CreatedOnToolsVersion = 6.0.1;
						TestTargetID = 49A1448319F08D90003F848D;
					};
				};
			};
			buildConfigurationList = 49A1447F19F08D90003F848D /* Build configuration list for PBXProject "TestSwift2" */;
			compatibilityVersion = "Xcode 3.2";
			developmentRegion = English;
			hasScannedForEncodings = 0;
			knownRegions = (
				en,
				Base,
			);
			mainGroup = 49A1447B19F08D90003F848D;
			productRefGroup = 49A1448519F08D90003F848D /* Products */;
			projectDirPath = "";
			projectRoot = "";
			targets = (
				49A1448319F08D90003F848D /* TestSwift2 */,
				49A1449819F08D90003F848D /* TestSwift2Tests */,
			);
		};
/* End PBXProject section */

/* Begin PBXResourcesBuildPhase section */
		49A1448219F08D90003F848D /* Resources */ = {
			isa = PBXResourcesBuildPhase;
			buildActionMask = 2147483647;
			files = (
				49A1448F19F08D90003F848D /* Main.storyboard in Resources */,
				49A1449419F08D90003F848D /* LaunchScreen.xib in Resources */,
				49A1449119F08D90003F848D /* Images.xcassets in Resources */,
			);
			runOnlyForDeploymentPostprocessing = 0;
		};
		49A1449719F08D90003F848D /* Resources */ = {
			isa = PBXResourcesBuildPhase;
			buildActionMask = 2147483647;
			files = (
			);
			runOnlyForDeploymentPostprocessing = 0;
		};
/* End PBXResourcesBuildPhase section */

/* Begin PBXSourcesBuildPhase section */
		49A1448019F08D90003F848D /* Sources */ = {
			isa = PBXSourcesBuildPhase;
			buildActionMask = 2147483647;
			files = (
				49A1448C19F08D90003F848D /* ViewController.swift in Sources */,
				49A1448A19F08D90003F848D /* AppDelegate.swift in Sources */,
			);
			runOnlyForDeploymentPostprocessing = 0;
		};
		49A1449519F08D90003F848D /* Sources */ = {
			isa = PBXSourcesBuildPhase;
			buildActionMask = 2147483647;
			files = (
				49A144A019F08D90003F848D /* TestSwift2Tests.swift in Sources */,
			);
			runOnlyForDeploymentPostprocessing = 0;
		};
/* End PBXSourcesBuildPhase section */

/* Begin PBXTargetDependency section */
		49A1449B19F08D90003F848D /* PBXTargetDependency */ = {
			isa = PBXTargetDependency;
			target = 49A1448319F08D90003F848D /* TestSwift2 */;
			targetProxy = 49A1449A19F08D90003F848D /* PBXContainerItemProxy */;
		};
/* End PBXTargetDependency section */

/* Begin PBXVariantGroup section */
		49A1448D19F08D90003F848D /* Main.storyboard */ = {
			isa = PBXVariantGroup;
			children = (
				49A1448E19F08D90003F848D /* Base */,
			);
			name = Main.storyboard;
			sourceTree = "<group>";
		};
		49A1449219F08D90003F848D /* LaunchScreen.xib */ = {
			isa = PBXVariantGroup;
			children = (
				49A1449319F08D90003F848D /* Base */,
			);
			name = LaunchScreen.xib;
			sourceTree = "<group>";
		};
/* End PBXVariantGroup section */

/* Begin XCBuildConfiguration section */
		49A144A119F08D90003F848D /* Debug */ = {
			isa = XCBuildConfiguration;
			buildSettings = {
				ALWAYS_SEARCH_USER_PATHS = NO;
				CLANG_CXX_LANGUAGE_STANDARD = "gnu++0x";
				CLANG_CXX_LIBRARY = "libc++";
				CLANG_ENABLE_MODULES = YES;
				CLANG_ENABLE_OBJC_ARC = YES;
				CLANG_WARN_BOOL_CONVERSION = YES;
				CLANG_WARN_CONSTANT_CONVERSION = YES;
				CLANG_WARN_DIRECT_OBJC_ISA_USAGE = YES_ERROR;
				CLANG_WARN_EMPTY_BODY = YES;
				CLANG_WARN_ENUM_CONVERSION = YES;
				CLANG_WARN_INT_CONVERSION = YES;
				CLANG_WARN_OBJC_ROOT_CLASS = YES_ERROR;
				CLANG_WARN_UNREACHABLE_CODE = YES;
				CLANG_WARN__DUPLICATE_METHOD_MATCH = YES;
				"CODE_SIGN_IDENTITY[sdk=iphoneos*]" = "iPhone Developer";
				COPY_PHASE_STRIP = NO;
				ENABLE_STRICT_OBJC_MSGSEND = YES;
				GCC_C_LANGUAGE_STANDARD = gnu99;
				GCC_DYNAMIC_NO_PIC = NO;
				GCC_OPTIMIZATION_LEVEL = 0;
				GCC_PREPROCESSOR_DEFINITIONS = (
					"DEBUG=1",
					"$(inherited)",
				);
				GCC_SYMBOLS_PRIVATE_EXTERN = NO;
				GCC_WARN_64_TO_32_BIT_CONVERSION = YES;
				GCC_WARN_ABOUT_RETURN_TYPE = YES_ERROR;
				GCC_WARN_UNDECLARED_SELECTOR = YES;
				GCC_WARN_UNINITIALIZED_AUTOS = YES_AGGRESSIVE;
				GCC_WARN_UNUSED_FUNCTION = YES;
				GCC_WARN_UNUSED_VARIABLE = YES;
				IPHONEOS_DEPLOYMENT_TARGET = 8.0;
				MTL_ENABLE_DEBUG_INFO = YES;
				ONLY_ACTIVE_ARCH = YES;
				SDKROOT = iphoneos;
				SWIFT_OPTIMIZATION_LEVEL = "-Onone";
				TARGETED_DEVICE_FAMILY = "1,2";
			};
			name = Debug;
		};
		49A144A219F08D90003F848D /* Release */ = {
			isa = XCBuildConfiguration;
			buildSettings = {
				ALWAYS_SEARCH_USER_PATHS = NO;
				CLANG_CXX_LANGUAGE_STANDARD = "gnu++0x";
				CLANG_CXX_LIBRARY = "libc++";
				CLANG_ENABLE_MODULES = YES;
				CLANG_ENABLE_OBJC_ARC = YES;
				CLANG_WARN_BOOL_CONVERSION = YES;
				CLANG_WARN_CONSTANT_CONVERSION = YES;
				CLANG_WARN_DIRECT_OBJC_ISA_USAGE = YES_ERROR;
				CLANG_WARN_EMPTY_BODY = YES;
				CLANG_WARN_ENUM_CONVERSION = YES;
				CLANG_WARN_INT_CONVERSION = YES;
				CLANG_WARN_OBJC_ROOT_CLASS = YES_ERROR;
				CLANG_WARN_UNREACHABLE_CODE = YES;
				CLANG_WARN__DUPLICATE_METHOD_MATCH = YES;
				"CODE_SIGN_IDENTITY[sdk=iphoneos*]" = "iPhone Developer";
				COPY_PHASE_STRIP = YES;
				ENABLE_NS_ASSERTIONS = NO;
				ENABLE_STRICT_OBJC_MSGSEND = YES;
				GCC_C_LANGUAGE_STANDARD = gnu99;
				GCC_WARN_64_TO_32_BIT_CONVERSION = YES;
				GCC_WARN_ABOUT_RETURN_TYPE = YES_ERROR;
				GCC_WARN_UNDECLARED_SELECTOR = YES;
				GCC_WARN_UNINITIALIZED_AUTOS = YES_AGGRESSIVE;
				GCC_WARN_UNUSED_FUNCTION = YES;
				GCC_WARN_UNUSED_VARIABLE = YES;
				IPHONEOS_DEPLOYMENT_TARGET = 8.0;
				MTL_ENABLE_DEBUG_INFO = NO;
				SDKROOT = iphoneos;
				TARGETED_DEVICE_FAMILY = "1,2";
				VALIDATE_PRODUCT = YES;
			};
			name = Release;
		};
		49A144A419F08D90003F848D /* Debug */ = {
			isa = XCBuildConfiguration;
			buildSettings = {
				ASSETCATALOG_COMPILER_APPICON_NAME = AppIcon;
				INFOPLIST_FILE = TestSwift2/Info.plist;
				LD_RUNPATH_SEARCH_PATHS = "$(inherited) @executable_path/Frameworks";
				PRODUCT_NAME = "$(TARGET_NAME)";
			};
			name = Debug;
		};
		49A144A519F08D90003F848D /* Release */ = {
			isa = XCBuildConfiguration;
			buildSettings = {
				ASSETCATALOG_COMPILER_APPICON_NAME = AppIcon;
				INFOPLIST_FILE = TestSwift2/Info.plist;
				LD_RUNPATH_SEARCH_PATHS = "$(inherited) @executable_path/Frameworks";
				PRODUCT_NAME = "$(TARGET_NAME)";
			};
			name = Release;
		};
		49A144A719F08D90003F848D /* Debug */ = {
			isa = XCBuildConfiguration;
			buildSettings = {
				BUNDLE_LOADER = "$(TEST_HOST)";
				FRAMEWORK_SEARCH_PATHS = (
					"$(SDKROOT)/Developer/Library/Frameworks",
					"$(inherited)",
				);
				GCC_PREPROCESSOR_DEFINITIONS = (
					"DEBUG=1",
					"$(inherited)",
				);
				INFOPLIST_FILE = TestSwift2Tests/Info.plist;
				LD_RUNPATH_SEARCH_PATHS = "$(inherited) @executable_path/Frameworks @loader_path/Frameworks";
				PRODUCT_NAME = "$(TARGET_NAME)";
				TEST_HOST = "$(BUILT_PRODUCTS_DIR)/TestSwift2.app/TestSwift2";
			};
			name = Debug;
		};
		49A144A819F08D90003F848D /* Release */ = {
			isa = XCBuildConfiguration;
			buildSettings = {
				BUNDLE_LOADER = "$(TEST_HOST)";
				FRAMEWORK_SEARCH_PATHS = (
					"$(SDKROOT)/Developer/Library/Frameworks",
					"$(inherited)",
				);
				INFOPLIST_FILE = TestSwift2Tests/Info.plist;
				LD_RUNPATH_SEARCH_PATHS = "$(inherited) @executable_path/Frameworks @loader_path/Frameworks";
				PRODUCT_NAME = "$(TARGET_NAME)";
				TEST_HOST = "$(BUILT_PRODUCTS_DIR)/TestSwift2.app/TestSwift2";
			};
			name = Release;
		};
/* End XCBuildConfiguration section */

/* Begin XCConfigurationList section */
		49A1447F19F08D90003F848D /* Build configuration list for PBXProject "TestSwift2" */ = {
			isa = XCConfigurationList;
			buildConfigurations = (
				49A144A119F08D90003F848D /* Debug */,
				49A144A219F08D90003F848D /* Release */,
			);
			defaultConfigurationIsVisible = 0;
			defaultConfigurationName = Release;
		};
		49A144A319F08D90003F848D /* Build configuration list for PBXNativeTarget "TestSwift2" */ = {
			isa = XCConfigurationList;
			buildConfigurations = (
				49A144A419F08D90003F848D /* Debug */,
				49A144A519F08D90003F848D /* Release */,
			);
			defaultConfigurationIsVisible = 0;
		};
		49A144A619F08D90003F848D /* Build configuration list for PBXNativeTarget "TestSwift2Tests" */ = {
			isa = XCConfigurationList;
			buildConfigurations = (
				49A144A719F08D90003F848D /* Debug */,
				49A144A819F08D90003F848D /* Release */,
			);
			defaultConfigurationIsVisible = 0;
		};
/* End XCConfigurationList section */
	};
	rootObject = 49A1447C19F08D90003F848D /* Project object */;
}
